// !$*UTF8*$!
{
	archiveVersion = 1;
	classes = {
	};
	objectVersion = 46;
	objects = {

/* Begin PBXBuildFile section */
		F04AF2391E3196510039A23D /* AppDelegate.swift in Sources */ = {isa = PBXBuildFile; fileRef = F04AF2381E3196510039A23D /* AppDelegate.swift */; };
		F04AF23B1E3196510039A23D /* ViewController.swift in Sources */ = {isa = PBXBuildFile; fileRef = F04AF23A1E3196510039A23D /* ViewController.swift */; };
		F04AF23E1E3196510039A23D /* Main.storyboard in Resources */ = {isa = PBXBuildFile; fileRef = F04AF23C1E3196510039A23D /* Main.storyboard */; };
		F04AF2401E3196510039A23D /* Assets.xcassets in Resources */ = {isa = PBXBuildFile; fileRef = F04AF23F1E3196510039A23D /* Assets.xcassets */; };
		F04AF2431E3196510039A23D /* LaunchScreen.storyboard in Resources */ = {isa = PBXBuildFile; fileRef = F04AF2411E3196510039A23D /* LaunchScreen.storyboard */; };
		F04AF24E1E3196510039A23D /* TextRecognitionTests.swift in Sources */ = {isa = PBXBuildFile; fileRef = F04AF24D1E3196510039A23D /* TextRecognitionTests.swift */; };
		F04AF2591E3196510039A23D /* TextRecognitionUITests.swift in Sources */ = {isa = PBXBuildFile; fileRef = F04AF2581E3196510039A23D /* TextRecognitionUITests.swift */; };
/* End PBXBuildFile section */

/* Begin PBXContainerItemProxy section */
		F04AF24A1E3196510039A23D /* PBXContainerItemProxy */ = {
			isa = PBXContainerItemProxy;
			containerPortal = F04AF22D1E3196500039A23D /* Project object */;
			proxyType = 1;
			remoteGlobalIDString = F04AF2341E3196500039A23D;
			remoteInfo = TextRecognition;
		};
		F04AF2551E3196510039A23D /* PBXContainerItemProxy */ = {
			isa = PBXContainerItemProxy;
			containerPortal = F04AF22D1E3196500039A23D /* Project object */;
			proxyType = 1;
			remoteGlobalIDString = F04AF2341E3196500039A23D;
			remoteInfo = TextRecognition;
		};
/* End PBXContainerItemProxy section */

/* Begin PBXFileReference section */
		F04AF2351E3196510039A23D /* TextRecognition.app */ = {isa = PBXFileReference; explicitFileType = wrapper.application; includeInIndex = 0; path = TextRecognition.app; sourceTree = BUILT_PRODUCTS_DIR; };
		F04AF2381E3196510039A23D /* AppDelegate.swift */ = {isa = PBXFileReference; lastKnownFileType = sourcecode.swift; path = AppDelegate.swift; sourceTree = "<group>"; };
		F04AF23A1E3196510039A23D /* ViewController.swift */ = {isa = PBXFileReference; lastKnownFileType = sourcecode.swift; path = ViewController.swift; sourceTree = "<group>"; };
		F04AF23D1E3196510039A23D /* Base */ = {isa = PBXFileReference; lastKnownFileType = file.storyboard; name = Base; path = Base.lproj/Main.storyboard; sourceTree = "<group>"; };
		F04AF23F1E3196510039A23D /* Assets.xcassets */ = {isa = PBXFileReference; lastKnownFileType = folder.assetcatalog; path = Assets.xcassets; sourceTree = "<group>"; };
		F04AF2421E3196510039A23D /* Base */ = {isa = PBXFileReference; lastKnownFileType = file.storyboard; name = Base; path = Base.lproj/LaunchScreen.storyboard; sourceTree = "<group>"; };
		F04AF2441E3196510039A23D /* Info.plist */ = {isa = PBXFileReference; lastKnownFileType = text.plist.xml; path = Info.plist; sourceTree = "<group>"; };
		F04AF2491E3196510039A23D /* TextRecognitionTests.xctest */ = {isa = PBXFileReference; explicitFileType = wrapper.cfbundle; includeInIndex = 0; path = TextRecognitionTests.xctest; sourceTree = BUILT_PRODUCTS_DIR; };
		F04AF24D1E3196510039A23D /* TextRecognitionTests.swift */ = {isa = PBXFileReference; lastKnownFileType = sourcecode.swift; path = TextRecognitionTests.swift; sourceTree = "<group>"; };
		F04AF24F1E3196510039A23D /* Info.plist */ = {isa = PBXFileReference; lastKnownFileType = text.plist.xml; path = Info.plist; sourceTree = "<group>"; };
		F04AF2541E3196510039A23D /* TextRecognitionUITests.xctest */ = {isa = PBXFileReference; explicitFileType = wrapper.cfbundle; includeInIndex = 0; path = TextRecognitionUITests.xctest; sourceTree = BUILT_PRODUCTS_DIR; };
		F04AF2581E3196510039A23D /* TextRecognitionUITests.swift */ = {isa = PBXFileReference; lastKnownFileType = sourcecode.swift; path = TextRecognitionUITests.swift; sourceTree = "<group>"; };
		F04AF25A1E3196510039A23D /* Info.plist */ = {isa = PBXFileReference; lastKnownFileType = text.plist.xml; path = Info.plist; sourceTree = "<group>"; };
/* End PBXFileReference section */

/* Begin PBXFrameworksBuildPhase section */
		F04AF2321E3196500039A23D /* Frameworks */ = {
			isa = PBXFrameworksBuildPhase;
			buildActionMask = 2147483647;
			files = (
			);
			runOnlyForDeploymentPostprocessing = 0;
		};
		F04AF2461E3196510039A23D /* Frameworks */ = {
			isa = PBXFrameworksBuildPhase;
			buildActionMask = 2147483647;
			files = (
			);
			runOnlyForDeploymentPostprocessing = 0;
		};
		F04AF2511E3196510039A23D /* Frameworks */ = {
			isa = PBXFrameworksBuildPhase;
			buildActionMask = 2147483647;
			files = (
			);
			runOnlyForDeploymentPostprocessing = 0;
		};
/* End PBXFrameworksBuildPhase section */

/* Begin PBXGroup section */
		F04AF22C1E3196500039A23D = {
			isa = PBXGroup;
			children = (
				F04AF2371E3196510039A23D /* TextRecognition */,
				F04AF24C1E3196510039A23D /* TextRecognitionTests */,
				F04AF2571E3196510039A23D /* TextRecognitionUITests */,
				F04AF2361E3196510039A23D /* Products */,
			);
			sourceTree = "<group>";
		};
		F04AF2361E3196510039A23D /* Products */ = {
			isa = PBXGroup;
			children = (
				F04AF2351E3196510039A23D /* TextRecognition.app */,
				F04AF2491E3196510039A23D /* TextRecognitionTests.xctest */,
				F04AF2541E3196510039A23D /* TextRecognitionUITests.xctest */,
			);
			name = Products;
			sourceTree = "<group>";
		};
		F04AF2371E3196510039A23D /* TextRecognition */ = {
			isa = PBXGroup;
			children = (
				F04AF2381E3196510039A23D /* AppDelegate.swift */,
				F04AF23A1E3196510039A23D /* ViewController.swift */,
				F04AF23C1E3196510039A23D /* Main.storyboard */,
				F04AF23F1E3196510039A23D /* Assets.xcassets */,
				F04AF2411E3196510039A23D /* LaunchScreen.storyboard */,
				F04AF2441E3196510039A23D /* Info.plist */,
			);
			path = TextRecognition;
			sourceTree = "<group>";
		};
		F04AF24C1E3196510039A23D /* TextRecognitionTests */ = {
			isa = PBXGroup;
			children = (
				F04AF24D1E3196510039A23D /* TextRecognitionTests.swift */,
				F04AF24F1E3196510039A23D /* Info.plist */,
			);
			path = TextRecognitionTests;
			sourceTree = "<group>";
		};
		F04AF2571E3196510039A23D /* TextRecognitionUITests */ = {
			isa = PBXGroup;
			children = (
				F04AF2581E3196510039A23D /* TextRecognitionUITests.swift */,
				F04AF25A1E3196510039A23D /* Info.plist */,
			);
			path = TextRecognitionUITests;
			sourceTree = "<group>";
		};
/* End PBXGroup section */

/* Begin PBXNativeTarget section */
		F04AF2341E3196500039A23D /* TextRecognition */ = {
			isa = PBXNativeTarget;
			buildConfigurationList = F04AF25D1E3196510039A23D /* Build configuration list for PBXNativeTarget "TextRecognition" */;
			buildPhases = (
				F04AF2311E3196500039A23D /* Sources */,
				F04AF2321E3196500039A23D /* Frameworks */,
				F04AF2331E3196500039A23D /* Resources */,
			);
			buildRules = (
			);
			dependencies = (
			);
			name = TextRecognition;
			productName = TextRecognition;
			productReference = F04AF2351E3196510039A23D /* TextRecognition.app */;
			productType = "com.apple.product-type.application";
		};
		F04AF2481E3196510039A23D /* TextRecognitionTests */ = {
			isa = PBXNativeTarget;
			buildConfigurationList = F04AF2601E3196510039A23D /* Build configuration list for PBXNativeTarget "TextRecognitionTests" */;
			buildPhases = (
				F04AF2451E3196510039A23D /* Sources */,
				F04AF2461E3196510039A23D /* Frameworks */,
				F04AF2471E3196510039A23D /* Resources */,
			);
			buildRules = (
			);
			dependencies = (
				F04AF24B1E3196510039A23D /* PBXTargetDependency */,
			);
			name = TextRecognitionTests;
			productName = TextRecognitionTests;
			productReference = F04AF2491E3196510039A23D /* TextRecognitionTests.xctest */;
			productType = "com.apple.product-type.bundle.unit-test";
		};
		F04AF2531E3196510039A23D /* TextRecognitionUITests */ = {
			isa = PBXNativeTarget;
			buildConfigurationList = F04AF2631E3196510039A23D /* Build configuration list for PBXNativeTarget "TextRecognitionUITests" */;
			buildPhases = (
				F04AF2501E3196510039A23D /* Sources */,
				F04AF2511E3196510039A23D /* Frameworks */,
				F04AF2521E3196510039A23D /* Resources */,
			);
			buildRules = (
			);
			dependencies = (
				F04AF2561E3196510039A23D /* PBXTargetDependency */,
			);
			name = TextRecognitionUITests;
			productName = TextRecognitionUITests;
			productReference = F04AF2541E3196510039A23D /* TextRecognitionUITests.xctest */;
			productType = "com.apple.product-type.bundle.ui-testing";
		};
/* End PBXNativeTarget section */

/* Begin PBXProject section */
		F04AF22D1E3196500039A23D /* Project object */ = {
			isa = PBXProject;
			attributes = {
				LastSwiftUpdateCheck = 0820;
				LastUpgradeCheck = 0820;
				ORGANIZATIONNAME = zuccha;
				TargetAttributes = {
					F04AF2341E3196500039A23D = {
						CreatedOnToolsVersion = 8.2.1;
						ProvisioningStyle = Automatic;
					};
					F04AF2481E3196510039A23D = {
						CreatedOnToolsVersion = 8.2.1;
						ProvisioningStyle = Automatic;
						TestTargetID = F04AF2341E3196500039A23D;
					};
					F04AF2531E3196510039A23D = {
						CreatedOnToolsVersion = 8.2.1;
						ProvisioningStyle = Automatic;
						TestTargetID = F04AF2341E3196500039A23D;
					};
				};
			};
			buildConfigurationList = F04AF2301E3196500039A23D /* Build configuration list for PBXProject "TextRecognition" */;
			compatibilityVersion = "Xcode 3.2";
			developmentRegion = English;
			hasScannedForEncodings = 0;
			knownRegions = (
				en,
				Base,
			);
			mainGroup = F04AF22C1E3196500039A23D;
			productRefGroup = F04AF2361E3196510039A23D /* Products */;
			projectDirPath = "";
			projectRoot = "";
			targets = (
				F04AF2341E3196500039A23D /* TextRecognition */,
				F04AF2481E3196510039A23D /* TextRecognitionTests */,
				F04AF2531E3196510039A23D /* TextRecognitionUITests */,
			);
		};
/* End PBXProject section */

/* Begin PBXResourcesBuildPhase section */
		F04AF2331E3196500039A23D /* Resources */ = {
			isa = PBXResourcesBuildPhase;
			buildActionMask = 2147483647;
			files = (
				F04AF2431E3196510039A23D /* LaunchScreen.storyboard in Resources */,
				F04AF2401E3196510039A23D /* Assets.xcassets in Resources */,
				F04AF23E1E3196510039A23D /* Main.storyboard in Resources */,
			);
			runOnlyForDeploymentPostprocessing = 0;
		};
		F04AF2471E3196510039A23D /* Resources */ = {
			isa = PBXResourcesBuildPhase;
			buildActionMask = 2147483647;
			files = (
			);
			runOnlyForDeploymentPostprocessing = 0;
		};
		F04AF2521E3196510039A23D /* Resources */ = {
			isa = PBXResourcesBuildPhase;
			buildActionMask = 2147483647;
			files = (
			);
			runOnlyForDeploymentPostprocessing = 0;
		};
/* End PBXResourcesBuildPhase section */

/* Begin PBXSourcesBuildPhase section */
		F04AF2311E3196500039A23D /* Sources */ = {
			isa = PBXSourcesBuildPhase;
			buildActionMask = 2147483647;
			files = (
				F04AF23B1E3196510039A23D /* ViewController.swift in Sources */,
				F04AF2391E3196510039A23D /* AppDelegate.swift in Sources */,
			);
			runOnlyForDeploymentPostprocessing = 0;
		};
		F04AF2451E3196510039A23D /* Sources */ = {
			isa = PBXSourcesBuildPhase;
			buildActionMask = 2147483647;
			files = (
				F04AF24E1E3196510039A23D /* TextRecognitionTests.swift in Sources */,
			);
			runOnlyForDeploymentPostprocessing = 0;
		};
		F04AF2501E3196510039A23D /* Sources */ = {
			isa = PBXSourcesBuildPhase;
			buildActionMask = 2147483647;
			files = (
				F04AF2591E3196510039A23D /* TextRecognitionUITests.swift in Sources */,
			);
			runOnlyForDeploymentPostprocessing = 0;
		};
/* End PBXSourcesBuildPhase section */

/* Begin PBXTargetDependency section */
		F04AF24B1E3196510039A23D /* PBXTargetDependency */ = {
			isa = PBXTargetDependency;
			target = F04AF2341E3196500039A23D /* TextRecognition */;
			targetProxy = F04AF24A1E3196510039A23D /* PBXContainerItemProxy */;
		};
		F04AF2561E3196510039A23D /* PBXTargetDependency */ = {
			isa = PBXTargetDependency;
			target = F04AF2341E3196500039A23D /* TextRecognition */;
			targetProxy = F04AF2551E3196510039A23D /* PBXContainerItemProxy */;
		};
/* End PBXTargetDependency section */

/* Begin PBXVariantGroup section */
		F04AF23C1E3196510039A23D /* Main.storyboard */ = {
			isa = PBXVariantGroup;
			children = (
				F04AF23D1E3196510039A23D /* Base */,
			);
			name = Main.storyboard;
			sourceTree = "<group>";
		};
		F04AF2411E3196510039A23D /* LaunchScreen.storyboard */ = {
			isa = PBXVariantGroup;
			children = (
				F04AF2421E3196510039A23D /* Base */,
			);
			name = LaunchScreen.storyboard;
			sourceTree = "<group>";
		};
/* End PBXVariantGroup section */

/* Begin XCBuildConfiguration section */
		F04AF25B1E3196510039A23D /* Debug */ = {
			isa = XCBuildConfiguration;
			buildSettings = {
				ALWAYS_SEARCH_USER_PATHS = NO;
				CLANG_ANALYZER_NONNULL = YES;
				CLANG_CXX_LANGUAGE_STANDARD = "gnu++0x";
				CLANG_CXX_LIBRARY = "libc++";
				CLANG_ENABLE_MODULES = YES;
				CLANG_ENABLE_OBJC_ARC = YES;
				CLANG_WARN_BOOL_CONVERSION = YES;
				CLANG_WARN_CONSTANT_CONVERSION = YES;
				CLANG_WARN_DIRECT_OBJC_ISA_USAGE = YES_ERROR;
				CLANG_WARN_DOCUMENTATION_COMMENTS = YES;
				CLANG_WARN_EMPTY_BODY = YES;
				CLANG_WARN_ENUM_CONVERSION = YES;
				CLANG_WARN_INFINITE_RECURSION = YES;
				CLANG_WARN_INT_CONVERSION = YES;
				CLANG_WARN_OBJC_ROOT_CLASS = YES_ERROR;
				CLANG_WARN_SUSPICIOUS_MOVE = YES;
				CLANG_WARN_UNREACHABLE_CODE = YES;
				CLANG_WARN__DUPLICATE_METHOD_MATCH = YES;
				"CODE_SIGN_IDENTITY[sdk=iphoneos*]" = "iPhone Developer";
				COPY_PHASE_STRIP = NO;
				DEBUG_INFORMATION_FORMAT = dwarf;
				ENABLE_STRICT_OBJC_MSGSEND = YES;
				ENABLE_TESTABILITY = YES;
				GCC_C_LANGUAGE_STANDARD = gnu99;
				GCC_DYNAMIC_NO_PIC = NO;
				GCC_NO_COMMON_BLOCKS = YES;
				GCC_OPTIMIZATION_LEVEL = 0;
				GCC_PREPROCESSOR_DEFINITIONS = (
					"DEBUG=1",
					"$(inherited)",
				);
				GCC_WARN_64_TO_32_BIT_CONVERSION = YES;
				GCC_WARN_ABOUT_RETURN_TYPE = YES_ERROR;
				GCC_WARN_UNDECLARED_SELECTOR = YES;
				GCC_WARN_UNINITIALIZED_AUTOS = YES_AGGRESSIVE;
				GCC_WARN_UNUSED_FUNCTION = YES;
				GCC_WARN_UNUSED_VARIABLE = YES;
				IPHONEOS_DEPLOYMENT_TARGET = 10.2;
				MTL_ENABLE_DEBUG_INFO = YES;
				ONLY_ACTIVE_ARCH = YES;
				SDKROOT = iphoneos;
				SWIFT_ACTIVE_COMPILATION_CONDITIONS = DEBUG;
				SWIFT_OPTIMIZATION_LEVEL = "-Onone";
				TARGETED_DEVICE_FAMILY = "1,2";
			};
			name = Debug;
		};
		F04AF25C1E3196510039A23D /* Release */ = {
			isa = XCBuildConfiguration;
			buildSettings = {
				ALWAYS_SEARCH_USER_PATHS = NO;
				CLANG_ANALYZER_NONNULL = YES;
				CLANG_CXX_LANGUAGE_STANDARD = "gnu++0x";
				CLANG_CXX_LIBRARY = "libc++";
				CLANG_ENABLE_MODULES = YES;
				CLANG_ENABLE_OBJC_ARC = YES;
				CLANG_WARN_BOOL_CONVERSION = YES;
				CLANG_WARN_CONSTANT_CONVERSION = YES;
				CLANG_WARN_DIRECT_OBJC_ISA_USAGE = YES_ERROR;
				CLANG_WARN_DOCUMENTATION_COMMENTS = YES;
				CLANG_WARN_EMPTY_BODY = YES;
				CLANG_WARN_ENUM_CONVERSION = YES;
				CLANG_WARN_INFINITE_RECURSION = YES;
				CLANG_WARN_INT_CONVERSION = YES;
				CLANG_WARN_OBJC_ROOT_CLASS = YES_ERROR;
				CLANG_WARN_SUSPICIOUS_MOVE = YES;
				CLANG_WARN_UNREACHABLE_CODE = YES;
				CLANG_WARN__DUPLICATE_METHOD_MATCH = YES;
				"CODE_SIGN_IDENTITY[sdk=iphoneos*]" = "iPhone Developer";
				COPY_PHASE_STRIP = NO;
				DEBUG_INFORMATION_FORMAT = "dwarf-with-dsym";
				ENABLE_NS_ASSERTIONS = NO;
				ENABLE_STRICT_OBJC_MSGSEND = YES;
				GCC_C_LANGUAGE_STANDARD = gnu99;
				GCC_NO_COMMON_BLOCKS = YES;
				GCC_WARN_64_TO_32_BIT_CONVERSION = YES;
				GCC_WARN_ABOUT_RETURN_TYPE = YES_ERROR;
				GCC_WARN_UNDECLARED_SELECTOR = YES;
				GCC_WARN_UNINITIALIZED_AUTOS = YES_AGGRESSIVE;
				GCC_WARN_UNUSED_FUNCTION = YES;
				GCC_WARN_UNUSED_VARIABLE = YES;
				IPHONEOS_DEPLOYMENT_TARGET = 10.2;
				MTL_ENABLE_DEBUG_INFO = NO;
				SDKROOT = iphoneos;
				SWIFT_OPTIMIZATION_LEVEL = "-Owholemodule";
				TARGETED_DEVICE_FAMILY = "1,2";
				VALIDATE_PRODUCT = YES;
			};
			name = Release;
		};
		F04AF25E1E3196510039A23D /* Debug */ = {
			isa = XCBuildConfiguration;
			buildSettings = {
				ASSETCATALOG_COMPILER_APPICON_NAME = AppIcon;
				INFOPLIST_FILE = TextRecognition/Info.plist;
				LD_RUNPATH_SEARCH_PATHS = "$(inherited) @executable_path/Frameworks";
				PRODUCT_BUNDLE_IDENTIFIER = jp.co.zuccha.TextRecognition;
				PRODUCT_NAME = "$(TARGET_NAME)";
				SWIFT_VERSION = 3.0;
			};
			name = Debug;
		};
		F04AF25F1E3196510039A23D /* Release */ = {
			isa = XCBuildConfiguration;
			buildSettings = {
				ASSETCATALOG_COMPILER_APPICON_NAME = AppIcon;
				INFOPLIST_FILE = TextRecognition/Info.plist;
				LD_RUNPATH_SEARCH_PATHS = "$(inherited) @executable_path/Frameworks";
				PRODUCT_BUNDLE_IDENTIFIER = jp.co.zuccha.TextRecognition;
				PRODUCT_NAME = "$(TARGET_NAME)";
				SWIFT_VERSION = 3.0;
			};
			name = Release;
		};
		F04AF2611E3196510039A23D /* Debug */ = {
			isa = XCBuildConfiguration;
			buildSettings = {
				ALWAYS_EMBED_SWIFT_STANDARD_LIBRARIES = YES;
				BUNDLE_LOADER = "$(TEST_HOST)";
				INFOPLIST_FILE = TextRecognitionTests/Info.plist;
				LD_RUNPATH_SEARCH_PATHS = "$(inherited) @executable_path/Frameworks @loader_path/Frameworks";
				PRODUCT_BUNDLE_IDENTIFIER = jp.co.zuccha.TextRecognitionTests;
				PRODUCT_NAME = "$(TARGET_NAME)";
				SWIFT_VERSION = 3.0;
				TEST_HOST = "$(BUILT_PRODUCTS_DIR)/TextRecognition.app/TextRecognition";
			};
			name = Debug;
		};
		F04AF2621E3196510039A23D /* Release */ = {
			isa = XCBuildConfiguration;
			buildSettings = {
				ALWAYS_EMBED_SWIFT_STANDARD_LIBRARIES = YES;
				BUNDLE_LOADER = "$(TEST_HOST)";
				INFOPLIST_FILE = TextRecognitionTests/Info.plist;
				LD_RUNPATH_SEARCH_PATHS = "$(inherited) @executable_path/Frameworks @loader_path/Frameworks";
				PRODUCT_BUNDLE_IDENTIFIER = jp.co.zuccha.TextRecognitionTests;
				PRODUCT_NAME = "$(TARGET_NAME)";
				SWIFT_VERSION = 3.0;
				TEST_HOST = "$(BUILT_PRODUCTS_DIR)/TextRecognition.app/TextRecognition";
			};
			name = Release;
		};
		F04AF2641E3196510039A23D /* Debug */ = {
			isa = XCBuildConfiguration;
			buildSettings = {
				ALWAYS_EMBED_SWIFT_STANDARD_LIBRARIES = YES;
				INFOPLIST_FILE = TextRecognitionUITests/Info.plist;
				LD_RUNPATH_SEARCH_PATHS = "$(inherited) @executable_path/Frameworks @loader_path/Frameworks";
				PRODUCT_BUNDLE_IDENTIFIER = jp.co.zuccha.TextRecognitionUITests;
				PRODUCT_NAME = "$(TARGET_NAME)";
				SWIFT_VERSION = 3.0;
				TEST_TARGET_NAME = TextRecognition;
			};
			name = Debug;
		};
		F04AF2651E3196510039A23D /* Release */ = {
			isa = XCBuildConfiguration;
			buildSettings = {
				ALWAYS_EMBED_SWIFT_STANDARD_LIBRARIES = YES;
				INFOPLIST_FILE = TextRecognitionUITests/Info.plist;
				LD_RUNPATH_SEARCH_PATHS = "$(inherited) @executable_path/Frameworks @loader_path/Frameworks";
				PRODUCT_BUNDLE_IDENTIFIER = jp.co.zuccha.TextRecognitionUITests;
				PRODUCT_NAME = "$(TARGET_NAME)";
				SWIFT_VERSION = 3.0;
				TEST_TARGET_NAME = TextRecognition;
			};
			name = Release;
		};
/* End XCBuildConfiguration section */

/* Begin XCConfigurationList section */
		F04AF2301E3196500039A23D /* Build configuration list for PBXProject "TextRecognition" */ = {
			isa = XCConfigurationList;
			buildConfigurations = (
				F04AF25B1E3196510039A23D /* Debug */,
				F04AF25C1E3196510039A23D /* Release */,
			);
			defaultConfigurationIsVisible = 0;
			defaultConfigurationName = Release;
		};
		F04AF25D1E3196510039A23D /* Build configuration list for PBXNativeTarget "TextRecognition" */ = {
			isa = XCConfigurationList;
			buildConfigurations = (
				F04AF25E1E3196510039A23D /* Debug */,
				F04AF25F1E3196510039A23D /* Release */,
			);
			defaultConfigurationIsVisible = 0;
		};
		F04AF2601E3196510039A23D /* Build configuration list for PBXNativeTarget "TextRecognitionTests" */ = {
			isa = XCConfigurationList;
			buildConfigurations = (
				F04AF2611E3196510039A23D /* Debug */,
				F04AF2621E3196510039A23D /* Release */,
			);
			defaultConfigurationIsVisible = 0;
		};
		F04AF2631E3196510039A23D /* Build configuration list for PBXNativeTarget "TextRecognitionUITests" */ = {
			isa = XCConfigurationList;
			buildConfigurations = (
				F04AF2641E3196510039A23D /* Debug */,
				F04AF2651E3196510039A23D /* Release */,
			);
			defaultConfigurationIsVisible = 0;
		};
/* End XCConfigurationList section */
	};
	rootObject = F04AF22D1E3196500039A23D /* Project object */;
}
